Microsoft Visual Studio Solution File, Format Version 12.00
# Visual Studio Version 17
VisualStudioVersion = 17.5.2.0
MinimumVisualStudioVersion = 10.0.40219.1
Project("{FAE04EC0-301F-11D3-BF4B-00C04F79EFBC}") = "Blockchain", "Blockchain.csproj", "{7EB5D3E8-E98B-A2A7-4EE6-AA181923E34B}"
EndProject
Global
	GlobalSection(SolutionConfigurationPlatforms) = preSolution
		Debug|Any CPU = Debug|Any CPU
		Release|Any CPU = Release|Any CPU
	EndGlobalSection
	GlobalSection(ProjectConfigurationPlatforms) = postSolution
		{7EB5D3E8-E98B-A2A7-4EE6-AA181923E34B}.Debug|Any CPU.ActiveCfg = Debug|Any CPU
		{7EB5D3E8-E98B-A2A7-4EE6-AA181923E34B}.Debug|Any CPU.Build.0 = Debug|Any CPU
		{7EB5D3E8-E98B-A2A7-4EE6-AA181923E34B}.Release|Any CPU.ActiveCfg = Release|Any CPU
		{7EB5D3E8-E98B-A2A7-4EE6-AA181923E34B}.Release|Any CPU.Build.0 = Release|Any CPU
	EndGlobalSection
	GlobalSection(SolutionProperties) = preSolution
		HideSolutionNode = FALSE
	EndGlobalSection
	GlobalSection(ExtensibilityGlobals) = postSolution
		SolutionGuid = {26EEC7FE-DC3A-455C-B9AF-51ED367DA152}
	EndGlobalSection
EndGlobal
